
Microsoft Visual Studio Solution File, Format Version 12.00
# Visual Studio Version 16
VisualStudioVersion = 16.0.33529.622
MinimumVisualStudioVersion = 10.0.40219.1
Project("{FAE04EC0-301F-11D3-BF4B-00C04F79EFBC}") = "Hjælp til Lone", "Hjælp til Lone\Hjælp til Lone.csproj", "{F70A3638-B3E1-4569-8454-D93FA6584A38}"
EndProject
Global
	GlobalSection(SolutionConfigurationPlatforms) = preSolution
		Debug|Any CPU = Debug|Any CPU
		Release|Any CPU = Release|Any CPU
	EndGlobalSection
	GlobalSection(ProjectConfigurationPlatforms) = postSolution
		{F70A3638-B3E1-4569-8454-D93FA6584A38}.Debug|Any CPU.ActiveCfg = Debug|Any CPU
		{F70A3638-B3E1-4569-8454-D93FA6584A38}.Debug|Any CPU.Build.0 = Debug|Any CPU
		{F70A3638-B3E1-4569-8454-D93FA6584A38}.Release|Any CPU.ActiveCfg = Release|Any CPU
		{F70A3638-B3E1-4569-8454-D93FA6584A38}.Release|Any CPU.Build.0 = Release|Any CPU
	EndGlobalSection
	GlobalSection(SolutionProperties) = preSolution
		HideSolutionNode = FALSE
	EndGlobalSection
	GlobalSection(ExtensibilityGlobals) = postSolution
		SolutionGuid = {4E36C60C-4B1E-436D-B18E-0C111BB9FA9B}
	EndGlobalSection
EndGlobal
